// !$*UTF8*$!
{
	archiveVersion = 1;
	classes = {
	};
	objectVersion = 46;
	objects = {

/* Begin PBXBuildFile section */
		3A6000851C2B33BA00E69B5C /* AppDelegate.swift in Sources */ = {isa = PBXBuildFile; fileRef = 3A6000841C2B33BA00E69B5C /* AppDelegate.swift */; };
		3A6000871C2B33BA00E69B5C /* ViewController.swift in Sources */ = {isa = PBXBuildFile; fileRef = 3A6000861C2B33BA00E69B5C /* ViewController.swift */; };
		3A60008A1C2B33BA00E69B5C /* Main.storyboard in Resources */ = {isa = PBXBuildFile; fileRef = 3A6000881C2B33BA00E69B5C /* Main.storyboard */; };
		3A60008C1C2B33BA00E69B5C /* Images.xcassets in Resources */ = {isa = PBXBuildFile; fileRef = 3A60008B1C2B33BA00E69B5C /* Images.xcassets */; };
		3A60008F1C2B33BA00E69B5C /* LaunchScreen.xib in Resources */ = {isa = PBXBuildFile; fileRef = 3A60008D1C2B33BA00E69B5C /* LaunchScreen.xib */; };
		3A60009B1C2B33BA00E69B5C /* Wheres_Shmitty_Tests.swift in Sources */ = {isa = PBXBuildFile; fileRef = 3A60009A1C2B33BA00E69B5C /* Wheres_Shmitty_Tests.swift */; };
/* End PBXBuildFile section */

/* Begin PBXContainerItemProxy section */
		3A6000951C2B33BA00E69B5C /* PBXContainerItemProxy */ = {
			isa = PBXContainerItemProxy;
			containerPortal = 3A6000771C2B33BA00E69B5C /* Project object */;
			proxyType = 1;
			remoteGlobalIDString = 3A60007E1C2B33BA00E69B5C;
			remoteInfo = "Wheres Shmitty?";
		};
/* End PBXContainerItemProxy section */

/* Begin PBXFileReference section */
		3A60007F1C2B33BA00E69B5C /* Wheres Shmitty?.app */ = {isa = PBXFileReference; explicitFileType = wrapper.application; includeInIndex = 0; path = "Wheres Shmitty?.app"; sourceTree = BUILT_PRODUCTS_DIR; };
		3A6000831C2B33BA00E69B5C /* Info.plist */ = {isa = PBXFileReference; lastKnownFileType = text.plist.xml; path = Info.plist; sourceTree = "<group>"; };
		3A6000841C2B33BA00E69B5C /* AppDelegate.swift */ = {isa = PBXFileReference; lastKnownFileType = sourcecode.swift; path = AppDelegate.swift; sourceTree = "<group>"; };
		3A6000861C2B33BA00E69B5C /* ViewController.swift */ = {isa = PBXFileReference; lastKnownFileType = sourcecode.swift; path = ViewController.swift; sourceTree = "<group>"; };
		3A6000891C2B33BA00E69B5C /* Base */ = {isa = PBXFileReference; lastKnownFileType = file.storyboard; name = Base; path = Base.lproj/Main.storyboard; sourceTree = "<group>"; };
		3A60008B1C2B33BA00E69B5C /* Images.xcassets */ = {isa = PBXFileReference; lastKnownFileType = folder.assetcatalog; path = Images.xcassets; sourceTree = "<group>"; };
		3A60008E1C2B33BA00E69B5C /* Base */ = {isa = PBXFileReference; lastKnownFileType = file.xib; name = Base; path = Base.lproj/LaunchScreen.xib; sourceTree = "<group>"; };
		3A6000941C2B33BA00E69B5C /* Wheres Shmitty?Tests.xctest */ = {isa = PBXFileReference; explicitFileType = wrapper.cfbundle; includeInIndex = 0; path = "Wheres Shmitty?Tests.xctest"; sourceTree = BUILT_PRODUCTS_DIR; };
		3A6000991C2B33BA00E69B5C /* Info.plist */ = {isa = PBXFileReference; lastKnownFileType = text.plist.xml; path = Info.plist; sourceTree = "<group>"; };
		3A60009A1C2B33BA00E69B5C /* Wheres_Shmitty_Tests.swift */ = {isa = PBXFileReference; lastKnownFileType = sourcecode.swift; path = Wheres_Shmitty_Tests.swift; sourceTree = "<group>"; };
/* End PBXFileReference section */

/* Begin PBXFrameworksBuildPhase section */
		3A60007C1C2B33BA00E69B5C /* Frameworks */ = {
			isa = PBXFrameworksBuildPhase;
			buildActionMask = 2147483647;
			files = (
			);
			runOnlyForDeploymentPostprocessing = 0;
		};
		3A6000911C2B33BA00E69B5C /* Frameworks */ = {
			isa = PBXFrameworksBuildPhase;
			buildActionMask = 2147483647;
			files = (
			);
			runOnlyForDeploymentPostprocessing = 0;
		};
/* End PBXFrameworksBuildPhase section */

/* Begin PBXGroup section */
		3A6000761C2B33BA00E69B5C = {
			isa = PBXGroup;
			children = (
				3A6000811C2B33BA00E69B5C /* Wheres Shmitty? */,
				3A6000971C2B33BA00E69B5C /* Wheres Shmitty?Tests */,
				3A6000801C2B33BA00E69B5C /* Products */,
			);
			sourceTree = "<group>";
		};
		3A6000801C2B33BA00E69B5C /* Products */ = {
			isa = PBXGroup;
			children = (
				3A60007F1C2B33BA00E69B5C /* Wheres Shmitty?.app */,
				3A6000941C2B33BA00E69B5C /* Wheres Shmitty?Tests.xctest */,
			);
			name = Products;
			sourceTree = "<group>";
		};
		3A6000811C2B33BA00E69B5C /* Wheres Shmitty? */ = {
			isa = PBXGroup;
			children = (
				3A6000841C2B33BA00E69B5C /* AppDelegate.swift */,
				3A6000861C2B33BA00E69B5C /* ViewController.swift */,
				3A6000881C2B33BA00E69B5C /* Main.storyboard */,
				3A60008B1C2B33BA00E69B5C /* Images.xcassets */,
				3A60008D1C2B33BA00E69B5C /* LaunchScreen.xib */,
				3A6000821C2B33BA00E69B5C /* Supporting Files */,
			);
			path = "Wheres Shmitty?";
			sourceTree = "<group>";
		};
		3A6000821C2B33BA00E69B5C /* Supporting Files */ = {
			isa = PBXGroup;
			children = (
				3A6000831C2B33BA00E69B5C /* Info.plist */,
			);
			name = "Supporting Files";
			sourceTree = "<group>";
		};
		3A6000971C2B33BA00E69B5C /* Wheres Shmitty?Tests */ = {
			isa = PBXGroup;
			children = (
				3A60009A1C2B33BA00E69B5C /* Wheres_Shmitty_Tests.swift */,
				3A6000981C2B33BA00E69B5C /* Supporting Files */,
			);
			path = "Wheres Shmitty?Tests";
			sourceTree = "<group>";
		};
		3A6000981C2B33BA00E69B5C /* Supporting Files */ = {
			isa = PBXGroup;
			children = (
				3A6000991C2B33BA00E69B5C /* Info.plist */,
			);
			name = "Supporting Files";
			sourceTree = "<group>";
		};
/* End PBXGroup section */

/* Begin PBXNativeTarget section */
		3A60007E1C2B33BA00E69B5C /* Wheres Shmitty? */ = {
			isa = PBXNativeTarget;
			buildConfigurationList = 3A60009E1C2B33BA00E69B5C /* Build configuration list for PBXNativeTarget "Wheres Shmitty?" */;
			buildPhases = (
				3A60007B1C2B33BA00E69B5C /* Sources */,
				3A60007C1C2B33BA00E69B5C /* Frameworks */,
				3A60007D1C2B33BA00E69B5C /* Resources */,
			);
			buildRules = (
			);
			dependencies = (
			);
			name = "Wheres Shmitty?";
			productName = "Wheres Shmitty?";
			productReference = 3A60007F1C2B33BA00E69B5C /* Wheres Shmitty?.app */;
			productType = "com.apple.product-type.application";
		};
		3A6000931C2B33BA00E69B5C /* Wheres Shmitty?Tests */ = {
			isa = PBXNativeTarget;
			buildConfigurationList = 3A6000A11C2B33BA00E69B5C /* Build configuration list for PBXNativeTarget "Wheres Shmitty?Tests" */;
			buildPhases = (
				3A6000901C2B33BA00E69B5C /* Sources */,
				3A6000911C2B33BA00E69B5C /* Frameworks */,
				3A6000921C2B33BA00E69B5C /* Resources */,
			);
			buildRules = (
			);
			dependencies = (
				3A6000961C2B33BA00E69B5C /* PBXTargetDependency */,
			);
			name = "Wheres Shmitty?Tests";
			productName = "Wheres Shmitty?Tests";
			productReference = 3A6000941C2B33BA00E69B5C /* Wheres Shmitty?Tests.xctest */;
			productType = "com.apple.product-type.bundle.unit-test";
		};
/* End PBXNativeTarget section */

/* Begin PBXProject section */
		3A6000771C2B33BA00E69B5C /* Project object */ = {
			isa = PBXProject;
			attributes = {
				LastUpgradeCheck = 0640;
				ORGANIZATIONNAME = "Ahmed Shamim";
				TargetAttributes = {
					3A60007E1C2B33BA00E69B5C = {
						CreatedOnToolsVersion = 6.4;
					};
					3A6000931C2B33BA00E69B5C = {
						CreatedOnToolsVersion = 6.4;
						TestTargetID = 3A60007E1C2B33BA00E69B5C;
					};
				};
			};
			buildConfigurationList = 3A60007A1C2B33BA00E69B5C /* Build configuration list for PBXProject "Wheres Shmitty?" */;
			compatibilityVersion = "Xcode 3.2";
			developmentRegion = English;
			hasScannedForEncodings = 0;
			knownRegions = (
				en,
				Base,
			);
			mainGroup = 3A6000761C2B33BA00E69B5C;
			productRefGroup = 3A6000801C2B33BA00E69B5C /* Products */;
			projectDirPath = "";
			projectRoot = "";
			targets = (
				3A60007E1C2B33BA00E69B5C /* Wheres Shmitty? */,
				3A6000931C2B33BA00E69B5C /* Wheres Shmitty?Tests */,
			);
		};
/* End PBXProject section */

/* Begin PBXResourcesBuildPhase section */
		3A60007D1C2B33BA00E69B5C /* Resources */ = {
			isa = PBXResourcesBuildPhase;
			buildActionMask = 2147483647;
			files = (
				3A60008A1C2B33BA00E69B5C /* Main.storyboard in Resources */,
				3A60008F1C2B33BA00E69B5C /* LaunchScreen.xib in Resources */,
				3A60008C1C2B33BA00E69B5C /* Images.xcassets in Resources */,
			);
			runOnlyForDeploymentPostprocessing = 0;
		};
		3A6000921C2B33BA00E69B5C /* Resources */ = {
			isa = PBXResourcesBuildPhase;
			buildActionMask = 2147483647;
			files = (
			);
			runOnlyForDeploymentPostprocessing = 0;
		};
/* End PBXResourcesBuildPhase section */

/* Begin PBXSourcesBuildPhase section */
		3A60007B1C2B33BA00E69B5C /* Sources */ = {
			isa = PBXSourcesBuildPhase;
			buildActionMask = 2147483647;
			files = (
				3A6000871C2B33BA00E69B5C /* ViewController.swift in Sources */,
				3A6000851C2B33BA00E69B5C /* AppDelegate.swift in Sources */,
			);
			runOnlyForDeploymentPostprocessing = 0;
		};
		3A6000901C2B33BA00E69B5C /* Sources */ = {
			isa = PBXSourcesBuildPhase;
			buildActionMask = 2147483647;
			files = (
				3A60009B1C2B33BA00E69B5C /* Wheres_Shmitty_Tests.swift in Sources */,
			);
			runOnlyForDeploymentPostprocessing = 0;
		};
/* End PBXSourcesBuildPhase section */

/* Begin PBXTargetDependency section */
		3A6000961C2B33BA00E69B5C /* PBXTargetDependency */ = {
			isa = PBXTargetDependency;
			target = 3A60007E1C2B33BA00E69B5C /* Wheres Shmitty? */;
			targetProxy = 3A6000951C2B33BA00E69B5C /* PBXContainerItemProxy */;
		};
/* End PBXTargetDependency section */

/* Begin PBXVariantGroup section */
		3A6000881C2B33BA00E69B5C /* Main.storyboard */ = {
			isa = PBXVariantGroup;
			children = (
				3A6000891C2B33BA00E69B5C /* Base */,
			);
			name = Main.storyboard;
			sourceTree = "<group>";
		};
		3A60008D1C2B33BA00E69B5C /* LaunchScreen.xib */ = {
			isa = PBXVariantGroup;
			children = (
				3A60008E1C2B33BA00E69B5C /* Base */,
			);
			name = LaunchScreen.xib;
			sourceTree = "<group>";
		};
/* End PBXVariantGroup section */

/* Begin XCBuildConfiguration section */
		3A60009C1C2B33BA00E69B5C /* Debug */ = {
			isa = XCBuildConfiguration;
			buildSettings = {
				ALWAYS_SEARCH_USER_PATHS = NO;
				CLANG_CXX_LANGUAGE_STANDARD = "gnu++0x";
				CLANG_CXX_LIBRARY = "libc++";
				CLANG_ENABLE_MODULES = YES;
				CLANG_ENABLE_OBJC_ARC = YES;
				CLANG_WARN_BOOL_CONVERSION = YES;
				CLANG_WARN_CONSTANT_CONVERSION = YES;
				CLANG_WARN_DIRECT_OBJC_ISA_USAGE = YES_ERROR;
				CLANG_WARN_EMPTY_BODY = YES;
				CLANG_WARN_ENUM_CONVERSION = YES;
				CLANG_WARN_INT_CONVERSION = YES;
				CLANG_WARN_OBJC_ROOT_CLASS = YES_ERROR;
				CLANG_WARN_UNREACHABLE_CODE = YES;
				CLANG_WARN__DUPLICATE_METHOD_MATCH = YES;
				"CODE_SIGN_IDENTITY[sdk=iphoneos*]" = "iPhone Developer";
				COPY_PHASE_STRIP = NO;
				DEBUG_INFORMATION_FORMAT = "dwarf-with-dsym";
				ENABLE_STRICT_OBJC_MSGSEND = YES;
				GCC_C_LANGUAGE_STANDARD = gnu99;
				GCC_DYNAMIC_NO_PIC = NO;
				GCC_NO_COMMON_BLOCKS = YES;
				GCC_OPTIMIZATION_LEVEL = 0;
				GCC_PREPROCESSOR_DEFINITIONS = (
					"DEBUG=1",
					"$(inherited)",
				);
				GCC_SYMBOLS_PRIVATE_EXTERN = NO;
				GCC_WARN_64_TO_32_BIT_CONVERSION = YES;
				GCC_WARN_ABOUT_RETURN_TYPE = YES_ERROR;
				GCC_WARN_UNDECLARED_SELECTOR = YES;
				GCC_WARN_UNINITIALIZED_AUTOS = YES_AGGRESSIVE;
				GCC_WARN_UNUSED_FUNCTION = YES;
				GCC_WARN_UNUSED_VARIABLE = YES;
				IPHONEOS_DEPLOYMENT_TARGET = 8.4;
				MTL_ENABLE_DEBUG_INFO = YES;
				ONLY_ACTIVE_ARCH = YES;
				SDKROOT = iphoneos;
				SWIFT_OPTIMIZATION_LEVEL = "-Onone";
			};
			name = Debug;
		};
		3A60009D1C2B33BA00E69B5C /* Release */ = {
			isa = XCBuildConfiguration;
			buildSettings = {
				ALWAYS_SEARCH_USER_PATHS = NO;
				CLANG_CXX_LANGUAGE_STANDARD = "gnu++0x";
				CLANG_CXX_LIBRARY = "libc++";
				CLANG_ENABLE_MODULES = YES;
				CLANG_ENABLE_OBJC_ARC = YES;
				CLANG_WARN_BOOL_CONVERSION = YES;
				CLANG_WARN_CONSTANT_CONVERSION = YES;
				CLANG_WARN_DIRECT_OBJC_ISA_USAGE = YES_ERROR;
				CLANG_WARN_EMPTY_BODY = YES;
				CLANG_WARN_ENUM_CONVERSION = YES;
				CLANG_WARN_INT_CONVERSION = YES;
				CLANG_WARN_OBJC_ROOT_CLASS = YES_ERROR;
				CLANG_WARN_UNREACHABLE_CODE = YES;
				CLANG_WARN__DUPLICATE_METHOD_MATCH = YES;
				"CODE_SIGN_IDENTITY[sdk=iphoneos*]" = "iPhone Developer";
				COPY_PHASE_STRIP = NO;
				DEBUG_INFORMATION_FORMAT = "dwarf-with-dsym";
				ENABLE_NS_ASSERTIONS = NO;
				ENABLE_STRICT_OBJC_MSGSEND = YES;
				GCC_C_LANGUAGE_STANDARD = gnu99;
				GCC_NO_COMMON_BLOCKS = YES;
				GCC_WARN_64_TO_32_BIT_CONVERSION = YES;
				GCC_WARN_ABOUT_RETURN_TYPE = YES_ERROR;
				GCC_WARN_UNDECLARED_SELECTOR = YES;
				GCC_WARN_UNINITIALIZED_AUTOS = YES_AGGRESSIVE;
				GCC_WARN_UNUSED_FUNCTION = YES;
				GCC_WARN_UNUSED_VARIABLE = YES;
				IPHONEOS_DEPLOYMENT_TARGET = 8.4;
				MTL_ENABLE_DEBUG_INFO = NO;
				SDKROOT = iphoneos;
				VALIDATE_PRODUCT = YES;
			};
			name = Release;
		};
		3A60009F1C2B33BA00E69B5C /* Debug */ = {
			isa = XCBuildConfiguration;
			buildSettings = {
				ASSETCATALOG_COMPILER_APPICON_NAME = AppIcon;
				INFOPLIST_FILE = "Wheres Shmitty?/Info.plist";
				LD_RUNPATH_SEARCH_PATHS = "$(inherited) @executable_path/Frameworks";
				PRODUCT_NAME = "$(TARGET_NAME)";
			};
			name = Debug;
		};
		3A6000A01C2B33BA00E69B5C /* Release */ = {
			isa = XCBuildConfiguration;
			buildSettings = {
				ASSETCATALOG_COMPILER_APPICON_NAME = AppIcon;
				INFOPLIST_FILE = "Wheres Shmitty?/Info.plist";
				LD_RUNPATH_SEARCH_PATHS = "$(inherited) @executable_path/Frameworks";
				PRODUCT_NAME = "$(TARGET_NAME)";
			};
			name = Release;
		};
		3A6000A21C2B33BA00E69B5C /* Debug */ = {
			isa = XCBuildConfiguration;
			buildSettings = {
				BUNDLE_LOADER = "$(TEST_HOST)";
				FRAMEWORK_SEARCH_PATHS = (
					"$(SDKROOT)/Developer/Library/Frameworks",
					"$(inherited)",
				);
				GCC_PREPROCESSOR_DEFINITIONS = (
					"DEBUG=1",
					"$(inherited)",
				);
				INFOPLIST_FILE = "Wheres Shmitty?Tests/Info.plist";
				LD_RUNPATH_SEARCH_PATHS = "$(inherited) @executable_path/Frameworks @loader_path/Frameworks";
				PRODUCT_NAME = "$(TARGET_NAME)";
				TEST_HOST = "$(BUILT_PRODUCTS_DIR)/Wheres Shmitty?.app/Wheres Shmitty?";
			};
			name = Debug;
		};
		3A6000A31C2B33BA00E69B5C /* Release */ = {
			isa = XCBuildConfiguration;
			buildSettings = {
				BUNDLE_LOADER = "$(TEST_HOST)";
				FRAMEWORK_SEARCH_PATHS = (
					"$(SDKROOT)/Developer/Library/Frameworks",
					"$(inherited)",
				);
				INFOPLIST_FILE = "Wheres Shmitty?Tests/Info.plist";
				LD_RUNPATH_SEARCH_PATHS = "$(inherited) @executable_path/Frameworks @loader_path/Frameworks";
				PRODUCT_NAME = "$(TARGET_NAME)";
				TEST_HOST = "$(BUILT_PRODUCTS_DIR)/Wheres Shmitty?.app/Wheres Shmitty?";
			};
			name = Release;
		};
/* End XCBuildConfiguration section */

/* Begin XCConfigurationList section */
		3A60007A1C2B33BA00E69B5C /* Build configuration list for PBXProject "Wheres Shmitty?" */ = {
			isa = XCConfigurationList;
			buildConfigurations = (
				3A60009C1C2B33BA00E69B5C /* Debug */,
				3A60009D1C2B33BA00E69B5C /* Release */,
			);
			defaultConfigurationIsVisible = 0;
			defaultConfigurationName = Release;
		};
		3A60009E1C2B33BA00E69B5C /* Build configuration list for PBXNativeTarget "Wheres Shmitty?" */ = {
			isa = XCConfigurationList;
			buildConfigurations = (
				3A60009F1C2B33BA00E69B5C /* Debug */,
				3A6000A01C2B33BA00E69B5C /* Release */,
			);
			defaultConfigurationIsVisible = 0;
		};
		3A6000A11C2B33BA00E69B5C /* Build configuration list for PBXNativeTarget "Wheres Shmitty?Tests" */ = {
			isa = XCConfigurationList;
			buildConfigurations = (
				3A6000A21C2B33BA00E69B5C /* Debug */,
				3A6000A31C2B33BA00E69B5C /* Release */,
			);
			defaultConfigurationIsVisible = 0;
		};
/* End XCConfigurationList section */
	};
	rootObject = 3A6000771C2B33BA00E69B5C /* Project object */;
}
